// !$*UTF8*$!
{
	archiveVersion = 1;
	classes = {
	};
	objectVersion = 48;
	objects = {

/* Begin PBXBuildFile section */
		B3CC9DA4205CED3100BB2BCB /* AppDelegate.m in Sources */ = {isa = PBXBuildFile; fileRef = B3CC9DA3205CED3100BB2BCB /* AppDelegate.m */; };
		B3CC9DA7205CED3200BB2BCB /* ViewController.m in Sources */ = {isa = PBXBuildFile; fileRef = B3CC9DA6205CED3200BB2BCB /* ViewController.m */; };
		B3CC9DAA205CED3200BB2BCB /* Main.storyboard in Resources */ = {isa = PBXBuildFile; fileRef = B3CC9DA8205CED3200BB2BCB /* Main.storyboard */; };
		B3CC9DAC205CED3200BB2BCB /* Assets.xcassets in Resources */ = {isa = PBXBuildFile; fileRef = B3CC9DAB205CED3200BB2BCB /* Assets.xcassets */; };
		B3CC9DAF205CED3200BB2BCB /* LaunchScreen.storyboard in Resources */ = {isa = PBXBuildFile; fileRef = B3CC9DAD205CED3200BB2BCB /* LaunchScreen.storyboard */; };
		B3CC9DB2205CED3200BB2BCB /* main.m in Sources */ = {isa = PBXBuildFile; fileRef = B3CC9DB1205CED3200BB2BCB /* main.m */; };
/* End PBXBuildFile section */

/* Begin PBXFileReference section */
		B3CC9D9F205CED3100BB2BCB /* Objective_C.app */ = {isa = PBXFileReference; explicitFileType = wrapper.application; includeInIndex = 0; path = Objective_C.app; sourceTree = BUILT_PRODUCTS_DIR; };
		B3CC9DA2205CED3100BB2BCB /* AppDelegate.h */ = {isa = PBXFileReference; lastKnownFileType = sourcecode.c.h; path = AppDelegate.h; sourceTree = "<group>"; };
		B3CC9DA3205CED3100BB2BCB /* AppDelegate.m */ = {isa = PBXFileReference; lastKnownFileType = sourcecode.c.objc; path = AppDelegate.m; sourceTree = "<group>"; };
		B3CC9DA5205CED3200BB2BCB /* ViewController.h */ = {isa = PBXFileReference; lastKnownFileType = sourcecode.c.h; path = ViewController.h; sourceTree = "<group>"; };
		B3CC9DA6205CED3200BB2BCB /* ViewController.m */ = {isa = PBXFileReference; lastKnownFileType = sourcecode.c.objc; path = ViewController.m; sourceTree = "<group>"; };
		B3CC9DA9205CED3200BB2BCB /* Base */ = {isa = PBXFileReference; lastKnownFileType = file.storyboard; name = Base; path = Base.lproj/Main.storyboard; sourceTree = "<group>"; };
		B3CC9DAB205CED3200BB2BCB /* Assets.xcassets */ = {isa = PBXFileReference; lastKnownFileType = folder.assetcatalog; path = Assets.xcassets; sourceTree = "<group>"; };
		B3CC9DAE205CED3200BB2BCB /* Base */ = {isa = PBXFileReference; lastKnownFileType = file.storyboard; name = Base; path = Base.lproj/LaunchScreen.storyboard; sourceTree = "<group>"; };
		B3CC9DB0205CED3200BB2BCB /* Info.plist */ = {isa = PBXFileReference; lastKnownFileType = text.plist.xml; path = Info.plist; sourceTree = "<group>"; };
		B3CC9DB1205CED3200BB2BCB /* main.m */ = {isa = PBXFileReference; lastKnownFileType = sourcecode.c.objc; path = main.m; sourceTree = "<group>"; };
/* End PBXFileReference section */

/* Begin PBXFrameworksBuildPhase section */
		B3CC9D9C205CED3100BB2BCB /* Frameworks */ = {
			isa = PBXFrameworksBuildPhase;
			buildActionMask = 2147483647;
			files = (
			);
			runOnlyForDeploymentPostprocessing = 0;
		};
/* End PBXFrameworksBuildPhase section */

/* Begin PBXGroup section */
		B3CC9D96205CED3100BB2BCB = {
			isa = PBXGroup;
			children = (
				B3CC9DA1205CED3100BB2BCB /* Objective_C */,
				B3CC9DA0205CED3100BB2BCB /* Products */,
			);
			sourceTree = "<group>";
		};
		B3CC9DA0205CED3100BB2BCB /* Products */ = {
			isa = PBXGroup;
			children = (
				B3CC9D9F205CED3100BB2BCB /* Objective_C.app */,
			);
			name = Products;
			sourceTree = "<group>";
		};
		B3CC9DA1205CED3100BB2BCB /* Objective_C */ = {
			isa = PBXGroup;
			children = (
				B3CC9DA2205CED3100BB2BCB /* AppDelegate.h */,
				B3CC9DA3205CED3100BB2BCB /* AppDelegate.m */,
				B3CC9DA5205CED3200BB2BCB /* ViewController.h */,
				B3CC9DA6205CED3200BB2BCB /* ViewController.m */,
				B3CC9DA8205CED3200BB2BCB /* Main.storyboard */,
				B3CC9DAB205CED3200BB2BCB /* Assets.xcassets */,
				B3CC9DAD205CED3200BB2BCB /* LaunchScreen.storyboard */,
				B3CC9DB0205CED3200BB2BCB /* Info.plist */,
				B3CC9DB1205CED3200BB2BCB /* main.m */,
			);
			path = Objective_C;
			sourceTree = "<group>";
		};
/* End PBXGroup section */

/* Begin PBXNativeTarget section */
		B3CC9D9E205CED3100BB2BCB /* Objective_C */ = {
			isa = PBXNativeTarget;
			buildConfigurationList = B3CC9DB5205CED3200BB2BCB /* Build configuration list for PBXNativeTarget "Objective_C" */;
			buildPhases = (
				B3CC9D9B205CED3100BB2BCB /* Sources */,
				B3CC9D9C205CED3100BB2BCB /* Frameworks */,
				B3CC9D9D205CED3100BB2BCB /* Resources */,
			);
			buildRules = (
			);
			dependencies = (
			);
			name = Objective_C;
			productName = Objective_C;
			productReference = B3CC9D9F205CED3100BB2BCB /* Objective_C.app */;
			productType = "com.apple.product-type.application";
		};
/* End PBXNativeTarget section */

/* Begin PBXProject section */
		B3CC9D97205CED3100BB2BCB /* Project object */ = {
			isa = PBXProject;
			attributes = {
				LastUpgradeCheck = 0920;
				ORGANIZATIONNAME = soy;
				TargetAttributes = {
					B3CC9D9E205CED3100BB2BCB = {
						CreatedOnToolsVersion = 9.2;
						ProvisioningStyle = Automatic;
					};
				};
			};
			buildConfigurationList = B3CC9D9A205CED3100BB2BCB /* Build configuration list for PBXProject "Objective_C" */;
			compatibilityVersion = "Xcode 8.0";
			developmentRegion = en;
			hasScannedForEncodings = 0;
			knownRegions = (
				en,
				Base,
			);
			mainGroup = B3CC9D96205CED3100BB2BCB;
			productRefGroup = B3CC9DA0205CED3100BB2BCB /* Products */;
			projectDirPath = "";
			projectRoot = "";
			targets = (
				B3CC9D9E205CED3100BB2BCB /* Objective_C */,
			);
		};
/* End PBXProject section */

/* Begin PBXResourcesBuildPhase section */
		B3CC9D9D205CED3100BB2BCB /* Resources */ = {
			isa = PBXResourcesBuildPhase;
			buildActionMask = 2147483647;
			files = (
				B3CC9DAF205CED3200BB2BCB /* LaunchScreen.storyboard in Resources */,
				B3CC9DAC205CED3200BB2BCB /* Assets.xcassets in Resources */,
				B3CC9DAA205CED3200BB2BCB /* Main.storyboard in Resources */,
			);
			runOnlyForDeploymentPostprocessing = 0;
		};
/* End PBXResourcesBuildPhase section */

/* Begin PBXSourcesBuildPhase section */
		B3CC9D9B205CED3100BB2BCB /* Sources */ = {
			isa = PBXSourcesBuildPhase;
			buildActionMask = 2147483647;
			files = (
				B3CC9DA7205CED3200BB2BCB /* ViewController.m in Sources */,
				B3CC9DB2205CED3200BB2BCB /* main.m in Sources */,
				B3CC9DA4205CED3100BB2BCB /* AppDelegate.m in Sources */,
			);
			runOnlyForDeploymentPostprocessing = 0;
		};
/* End PBXSourcesBuildPhase section */

/* Begin PBXVariantGroup section */
		B3CC9DA8205CED3200BB2BCB /* Main.storyboard */ = {
			isa = PBXVariantGroup;
			children = (
				B3CC9DA9205CED3200BB2BCB /* Base */,
			);
			name = Main.storyboard;
			sourceTree = "<group>";
		};
		B3CC9DAD205CED3200BB2BCB /* LaunchScreen.storyboard */ = {
			isa = PBXVariantGroup;
			children = (
				B3CC9DAE205CED3200BB2BCB /* Base */,
			);
			name = LaunchScreen.storyboard;
			sourceTree = "<group>";
		};
/* End PBXVariantGroup section */

/* Begin XCBuildConfiguration section */
		B3CC9DB3205CED3200BB2BCB /* Debug */ = {
			isa = XCBuildConfiguration;
			buildSettings = {
				ALWAYS_SEARCH_USER_PATHS = NO;
				CLANG_ANALYZER_NONNULL = YES;
				CLANG_ANALYZER_NUMBER_OBJECT_CONVERSION = YES_AGGRESSIVE;
				CLANG_CXX_LANGUAGE_STANDARD = "gnu++14";
				CLANG_CXX_LIBRARY = "libc++";
				CLANG_ENABLE_MODULES = YES;
				CLANG_ENABLE_OBJC_ARC = YES;
				CLANG_WARN_BLOCK_CAPTURE_AUTORELEASING = YES;
				CLANG_WARN_BOOL_CONVERSION = YES;
				CLANG_WARN_COMMA = YES;
				CLANG_WARN_CONSTANT_CONVERSION = YES;
				CLANG_WARN_DIRECT_OBJC_ISA_USAGE = YES_ERROR;
				CLANG_WARN_DOCUMENTATION_COMMENTS = YES;
				CLANG_WARN_EMPTY_BODY = YES;
				CLANG_WARN_ENUM_CONVERSION = YES;
				CLANG_WARN_INFINITE_RECURSION = YES;
				CLANG_WARN_INT_CONVERSION = YES;
				CLANG_WARN_NON_LITERAL_NULL_CONVERSION = YES;
				CLANG_WARN_OBJC_LITERAL_CONVERSION = YES;
				CLANG_WARN_OBJC_ROOT_CLASS = YES_ERROR;
				CLANG_WARN_RANGE_LOOP_ANALYSIS = YES;
				CLANG_WARN_STRICT_PROTOTYPES = YES;
				CLANG_WARN_SUSPICIOUS_MOVE = YES;
				CLANG_WARN_UNGUARDED_AVAILABILITY = YES_AGGRESSIVE;
				CLANG_WARN_UNREACHABLE_CODE = YES;
				CLANG_WARN__DUPLICATE_METHOD_MATCH = YES;
				CODE_SIGN_IDENTITY = "iPhone Developer";
				COPY_PHASE_STRIP = NO;
				DEBUG_INFORMATION_FORMAT = dwarf;
				ENABLE_STRICT_OBJC_MSGSEND = YES;
				ENABLE_TESTABILITY = YES;
				GCC_C_LANGUAGE_STANDARD = gnu11;
				GCC_DYNAMIC_NO_PIC = NO;
				GCC_NO_COMMON_BLOCKS = YES;
				GCC_OPTIMIZATION_LEVEL = 0;
				GCC_PREPROCESSOR_DEFINITIONS = (
					"DEBUG=1",
					"$(inherited)",
				);
				GCC_WARN_64_TO_32_BIT_CONVERSION = YES;
				GCC_WARN_ABOUT_RETURN_TYPE = YES_ERROR;
				GCC_WARN_UNDECLARED_SELECTOR = YES;
				GCC_WARN_UNINITIALIZED_AUTOS = YES_AGGRESSIVE;
				GCC_WARN_UNUSED_FUNCTION = YES;
				GCC_WARN_UNUSED_VARIABLE = YES;
				IPHONEOS_DEPLOYMENT_TARGET = 11.2;
				MTL_ENABLE_DEBUG_INFO = YES;
				ONLY_ACTIVE_ARCH = YES;
				SDKROOT = iphoneos;
			};
			name = Debug;
		};
		B3CC9DB4205CED3200BB2BCB /* Release */ = {
			isa = XCBuildConfiguration;
			buildSettings = {
				ALWAYS_SEARCH_USER_PATHS = NO;
				CLANG_ANALYZER_NONNULL = YES;
				CLANG_ANALYZER_NUMBER_OBJECT_CONVERSION = YES_AGGRESSIVE;
				CLANG_CXX_LANGUAGE_STANDARD = "gnu++14";
				CLANG_CXX_LIBRARY = "libc++";
				CLANG_ENABLE_MODULES = YES;
				CLANG_ENABLE_OBJC_ARC = YES;
				CLANG_WARN_BLOCK_CAPTURE_AUTORELEASING = YES;
				CLANG_WARN_BOOL_CONVERSION = YES;
				CLANG_WARN_COMMA = YES;
				CLANG_WARN_CONSTANT_CONVERSION = YES;
				CLANG_WARN_DIRECT_OBJC_ISA_USAGE = YES_ERROR;
				CLANG_WARN_DOCUMENTATION_COMMENTS = YES;
				CLANG_WARN_EMPTY_BODY = YES;
				CLANG_WARN_ENUM_CONVERSION = YES;
				CLANG_WARN_INFINITE_RECURSION = YES;
				CLANG_WARN_INT_CONVERSION = YES;
				CLANG_WARN_NON_LITERAL_NULL_CONVERSION = YES;
				CLANG_WARN_OBJC_LITERAL_CONVERSION = YES;
				CLANG_WARN_OBJC_ROOT_CLASS = YES_ERROR;
				CLANG_WARN_RANGE_LOOP_ANALYSIS = YES;
				CLANG_WARN_STRICT_PROTOTYPES = YES;
				CLANG_WARN_SUSPICIOUS_MOVE = YES;
				CLANG_WARN_UNGUARDED_AVAILABILITY = YES_AGGRESSIVE;
				CLANG_WARN_UNREACHABLE_CODE = YES;
				CLANG_WARN__DUPLICATE_METHOD_MATCH = YES;
				CODE_SIGN_IDENTITY = "iPhone Developer";
				COPY_PHASE_STRIP = NO;
				DEBUG_INFORMATION_FORMAT = "dwarf-with-dsym";
				ENABLE_NS_ASSERTIONS = NO;
				ENABLE_STRICT_OBJC_MSGSEND = YES;
				GCC_C_LANGUAGE_STANDARD = gnu11;
				GCC_NO_COMMON_BLOCKS = YES;
				GCC_WARN_64_TO_32_BIT_CONVERSION = YES;
				GCC_WARN_ABOUT_RETURN_TYPE = YES_ERROR;
				GCC_WARN_UNDECLARED_SELECTOR = YES;
				GCC_WARN_UNINITIALIZED_AUTOS = YES_AGGRESSIVE;
				GCC_WARN_UNUSED_FUNCTION = YES;
				GCC_WARN_UNUSED_VARIABLE = YES;
				IPHONEOS_DEPLOYMENT_TARGET = 11.2;
				MTL_ENABLE_DEBUG_INFO = NO;
				SDKROOT = iphoneos;
				VALIDATE_PRODUCT = YES;
			};
			name = Release;
		};
		B3CC9DB6205CED3200BB2BCB /* Debug */ = {
			isa = XCBuildConfiguration;
			buildSettings = {
				ASSETCATALOG_COMPILER_APPICON_NAME = AppIcon;
				CODE_SIGN_STYLE = Automatic;
				DEVELOPMENT_TEAM = LKKDW9D7LB;
				INFOPLIST_FILE = Objective_C/Info.plist;
				LD_RUNPATH_SEARCH_PATHS = "$(inherited) @executable_path/Frameworks";
				PRODUCT_BUNDLE_IDENTIFIER = "net.bsbj.Objective-C";
				PRODUCT_NAME = "$(TARGET_NAME)";
				TARGETED_DEVICE_FAMILY = "1,2";
			};
			name = Debug;
		};
		B3CC9DB7205CED3200BB2BCB /* Release */ = {
			isa = XCBuildConfiguration;
			buildSettings = {
				ASSETCATALOG_COMPILER_APPICON_NAME = AppIcon;
				CODE_SIGN_STYLE = Automatic;
				DEVELOPMENT_TEAM = LKKDW9D7LB;
				INFOPLIST_FILE = Objective_C/Info.plist;
				LD_RUNPATH_SEARCH_PATHS = "$(inherited) @executable_path/Frameworks";
				PRODUCT_BUNDLE_IDENTIFIER = "net.bsbj.Objective-C";
				PRODUCT_NAME = "$(TARGET_NAME)";
				TARGETED_DEVICE_FAMILY = "1,2";
			};
			name = Release;
		};
/* End XCBuildConfiguration section */

/* Begin XCConfigurationList section */
		B3CC9D9A205CED3100BB2BCB /* Build configuration list for PBXProject "Objective_C" */ = {
			isa = XCConfigurationList;
			buildConfigurations = (
				B3CC9DB3205CED3200BB2BCB /* Debug */,
				B3CC9DB4205CED3200BB2BCB /* Release */,
			);
			defaultConfigurationIsVisible = 0;
			defaultConfigurationName = Release;
		};
		B3CC9DB5205CED3200BB2BCB /* Build configuration list for PBXNativeTarget "Objective_C" */ = {
			isa = XCConfigurationList;
			buildConfigurations = (
				B3CC9DB6205CED3200BB2BCB /* Debug */,
				B3CC9DB7205CED3200BB2BCB /* Release */,
			);
			defaultConfigurationIsVisible = 0;
			defaultConfigurationName = Release;
		};
/* End XCConfigurationList section */
	};
	rootObject = B3CC9D97205CED3100BB2BCB /* Project object */;
}
